// !$*UTF8*$!
{
	archiveVersion = 1;
	classes = {
	};
	objectVersion = 48;
	objects = {

/* Begin PBXBuildFile section */
		1E39B38D1F4C81B600CFC5C8 /* Env.swift in Sources */ = {isa = PBXBuildFile; fileRef = 1E39B38B1F4C81B600CFC5C8 /* Env.swift */; };
		1E39B38E1F4C81B600CFC5C8 /* ExamplesDefaults.swift in Sources */ = {isa = PBXBuildFile; fileRef = 1E39B38C1F4C81B600CFC5C8 /* ExamplesDefaults.swift */; };
		1E5260DD1F4336340089F4ED /* WeatherIcon.xcassets in Resources */ = {isa = PBXBuildFile; fileRef = 1E5260DC1F4336340089F4ED /* WeatherIcon.xcassets */; };
		1E6364BA1F49E43200E087E7 /* ChartsViewController.swift in Sources */ = {isa = PBXBuildFile; fileRef = 1E53300B1F4484D3005AAE1F /* ChartsViewController.swift */; };
		1E965C381F46FCA40078CED1 /* CoreLocation.framework in Frameworks */ = {isa = PBXBuildFile; fileRef = 1E965C371F46FCA40078CED1 /* CoreLocation.framework */; };
		1EEC20161F48A36F006D98A0 /* MyWeatherManager.swift in Sources */ = {isa = PBXBuildFile; fileRef = 1EEC20151F48A36F006D98A0 /* MyWeatherManager.swift */; };
		1EEC20181F48A3D3006D98A0 /* MyHttpManager.swift in Sources */ = {isa = PBXBuildFile; fileRef = 1EEC20171F48A3D3006D98A0 /* MyHttpManager.swift */; };
		1EEC201A1F494984006D98A0 /* MyLocationManager.swift in Sources */ = {isa = PBXBuildFile; fileRef = 1EEC20191F494984006D98A0 /* MyLocationManager.swift */; };
		1EFF9E061F41D78900F2DBE5 /* AppDelegate.swift in Sources */ = {isa = PBXBuildFile; fileRef = 1EFF9E051F41D78900F2DBE5 /* AppDelegate.swift */; };
		1EFF9E081F41D78900F2DBE5 /* FirstViewController.swift in Sources */ = {isa = PBXBuildFile; fileRef = 1EFF9E071F41D78900F2DBE5 /* FirstViewController.swift */; };
		1EFF9E0A1F41D78900F2DBE5 /* ForecastViewController.swift in Sources */ = {isa = PBXBuildFile; fileRef = 1EFF9E091F41D78900F2DBE5 /* ForecastViewController.swift */; };
		1EFF9E0D1F41D78900F2DBE5 /* Main.storyboard in Resources */ = {isa = PBXBuildFile; fileRef = 1EFF9E0B1F41D78900F2DBE5 /* Main.storyboard */; };
		1EFF9E0F1F41D78900F2DBE5 /* Assets.xcassets in Resources */ = {isa = PBXBuildFile; fileRef = 1EFF9E0E1F41D78900F2DBE5 /* Assets.xcassets */; };
		1EFF9E331F41E2D200F2DBE5 /* CurrentWeatherViewController.swift in Sources */ = {isa = PBXBuildFile; fileRef = 1EFF9E321F41E2D200F2DBE5 /* CurrentWeatherViewController.swift */; };
		540C15787E5506B182DAC13E /* Pods_Weather.framework in Frameworks */ = {isa = PBXBuildFile; fileRef = 907AD98560EFC7A0DEE654F1 /* Pods_Weather.framework */; };
		C024597561A17F622C20CA60 /* Pods_Weather.framework in Frameworks */ = {isa = PBXBuildFile; fileRef = 4622D094FECC000BF3B362DC /* Pods_Weather.framework */; };
/* End PBXBuildFile section */

/* Begin PBXFileReference section */
		1E39B38B1F4C81B600CFC5C8 /* Env.swift */ = {isa = PBXFileReference; lastKnownFileType = sourcecode.swift; path = Env.swift; sourceTree = "<group>"; };
		1E39B38C1F4C81B600CFC5C8 /* ExamplesDefaults.swift */ = {isa = PBXFileReference; lastKnownFileType = sourcecode.swift; path = ExamplesDefaults.swift; sourceTree = "<group>"; };
		1E5260DC1F4336340089F4ED /* WeatherIcon.xcassets */ = {isa = PBXFileReference; lastKnownFileType = folder.assetcatalog; path = WeatherIcon.xcassets; sourceTree = "<group>"; };
		1E53300B1F4484D3005AAE1F /* ChartsViewController.swift */ = {isa = PBXFileReference; lastKnownFileType = sourcecode.swift; path = ChartsViewController.swift; sourceTree = "<group>"; };
		1E965C371F46FCA40078CED1 /* CoreLocation.framework */ = {isa = PBXFileReference; lastKnownFileType = wrapper.framework; name = CoreLocation.framework; path = System/Library/Frameworks/CoreLocation.framework; sourceTree = SDKROOT; };
		1EEC20151F48A36F006D98A0 /* MyWeatherManager.swift */ = {isa = PBXFileReference; lastKnownFileType = sourcecode.swift; path = MyWeatherManager.swift; sourceTree = "<group>"; };
		1EEC20171F48A3D3006D98A0 /* MyHttpManager.swift */ = {isa = PBXFileReference; lastKnownFileType = sourcecode.swift; path = MyHttpManager.swift; sourceTree = "<group>"; };
		1EEC20191F494984006D98A0 /* MyLocationManager.swift */ = {isa = PBXFileReference; lastKnownFileType = sourcecode.swift; path = MyLocationManager.swift; sourceTree = "<group>"; };
		1EFF9E021F41D78900F2DBE5 /* Weather.app */ = {isa = PBXFileReference; explicitFileType = wrapper.application; includeInIndex = 0; path = Weather.app; sourceTree = BUILT_PRODUCTS_DIR; };
		1EFF9E051F41D78900F2DBE5 /* AppDelegate.swift */ = {isa = PBXFileReference; lastKnownFileType = sourcecode.swift; path = AppDelegate.swift; sourceTree = "<group>"; };
		1EFF9E071F41D78900F2DBE5 /* FirstViewController.swift */ = {isa = PBXFileReference; lastKnownFileType = sourcecode.swift; path = FirstViewController.swift; sourceTree = "<group>"; };
		1EFF9E091F41D78900F2DBE5 /* ForecastViewController.swift */ = {isa = PBXFileReference; lastKnownFileType = sourcecode.swift; path = ForecastViewController.swift; sourceTree = "<group>"; };
		1EFF9E0C1F41D78900F2DBE5 /* Base */ = {isa = PBXFileReference; lastKnownFileType = file.storyboard; name = Base; path = Base.lproj/Main.storyboard; sourceTree = "<group>"; };
		1EFF9E0E1F41D78900F2DBE5 /* Assets.xcassets */ = {isa = PBXFileReference; lastKnownFileType = folder.assetcatalog; path = Assets.xcassets; sourceTree = "<group>"; };
		1EFF9E101F41D78900F2DBE5 /* Info.plist */ = {isa = PBXFileReference; lastKnownFileType = text.plist.xml; path = Info.plist; sourceTree = "<group>"; };
		1EFF9E321F41E2D200F2DBE5 /* CurrentWeatherViewController.swift */ = {isa = PBXFileReference; lastKnownFileType = sourcecode.swift; path = CurrentWeatherViewController.swift; sourceTree = "<group>"; };
		3DC9F27F954980EDEB64D74E /* Pods-WeatherUITests.debug.xcconfig */ = {isa = PBXFileReference; includeInIndex = 1; lastKnownFileType = text.xcconfig; name = "Pods-WeatherUITests.debug.xcconfig"; path = "Pods/Target Support Files/Pods-WeatherUITests/Pods-WeatherUITests.debug.xcconfig"; sourceTree = "<group>"; };
		4622D094FECC000BF3B362DC /* Pods_Weather.framework */ = {isa = PBXFileReference; explicitFileType = wrapper.framework; includeInIndex = 0; path = Pods_Weather.framework; sourceTree = BUILT_PRODUCTS_DIR; };
		4ED68301CBD48B9EFE967ED0 /* Pods-Weather.release.xcconfig */ = {isa = PBXFileReference; includeInIndex = 1; lastKnownFileType = text.xcconfig; name = "Pods-Weather.release.xcconfig"; path = "Pods/Target Support Files/Pods-Weather/Pods-Weather.release.xcconfig"; sourceTree = "<group>"; };
		4F39BD06530D5DCF5A0B27EE /* Pods-Weather.debug.xcconfig */ = {isa = PBXFileReference; includeInIndex = 1; lastKnownFileType = text.xcconfig; name = "Pods-Weather.debug.xcconfig"; path = "Pods/Target Support Files/Pods-Weather/Pods-Weather.debug.xcconfig"; sourceTree = "<group>"; };
		5A0B950C3ECD2C08C85ABC10 /* Pods-WeatherUITests.release.xcconfig */ = {isa = PBXFileReference; includeInIndex = 1; lastKnownFileType = text.xcconfig; name = "Pods-WeatherUITests.release.xcconfig"; path = "Pods/Target Support Files/Pods-WeatherUITests/Pods-WeatherUITests.release.xcconfig"; sourceTree = "<group>"; };
		7CE31EED59242064D0F7D834 /* Pods-WeatherTests.debug.xcconfig */ = {isa = PBXFileReference; includeInIndex = 1; lastKnownFileType = text.xcconfig; name = "Pods-WeatherTests.debug.xcconfig"; path = "Pods/Target Support Files/Pods-WeatherTests/Pods-WeatherTests.debug.xcconfig"; sourceTree = "<group>"; };
		81D5DF7C562EB096057179AE /* Pods-Weather.debug.xcconfig */ = {isa = PBXFileReference; includeInIndex = 1; lastKnownFileType = text.xcconfig; name = "Pods-Weather.debug.xcconfig"; path = "Pods/Target Support Files/Pods-Weather/Pods-Weather.debug.xcconfig"; sourceTree = "<group>"; };
		907AD98560EFC7A0DEE654F1 /* Pods_Weather.framework */ = {isa = PBXFileReference; explicitFileType = wrapper.framework; includeInIndex = 0; path = Pods_Weather.framework; sourceTree = BUILT_PRODUCTS_DIR; };
		CF4E6F360D0E536F7A759648 /* Pods_WeatherTests.framework */ = {isa = PBXFileReference; explicitFileType = wrapper.framework; includeInIndex = 0; path = Pods_WeatherTests.framework; sourceTree = BUILT_PRODUCTS_DIR; };
		F80F99863D9E48928F15E6D9 /* Pods-WeatherTests.release.xcconfig */ = {isa = PBXFileReference; includeInIndex = 1; lastKnownFileType = text.xcconfig; name = "Pods-WeatherTests.release.xcconfig"; path = "Pods/Target Support Files/Pods-WeatherTests/Pods-WeatherTests.release.xcconfig"; sourceTree = "<group>"; };
		FA868DB666C3C0F3FDACA289 /* Pods-Weather.release.xcconfig */ = {isa = PBXFileReference; includeInIndex = 1; lastKnownFileType = text.xcconfig; name = "Pods-Weather.release.xcconfig"; path = "Pods/Target Support Files/Pods-Weather/Pods-Weather.release.xcconfig"; sourceTree = "<group>"; };
		FCCCA206601EE94DCD2CE92E /* Pods_WeatherUITests.framework */ = {isa = PBXFileReference; explicitFileType = wrapper.framework; includeInIndex = 0; path = Pods_WeatherUITests.framework; sourceTree = BUILT_PRODUCTS_DIR; };
/* End PBXFileReference section */

/* Begin PBXFrameworksBuildPhase section */
		1EFF9DFF1F41D78900F2DBE5 /* Frameworks */ = {
			isa = PBXFrameworksBuildPhase;
			buildActionMask = 2147483647;
			files = (
				1E965C381F46FCA40078CED1 /* CoreLocation.framework in Frameworks */,
				C024597561A17F622C20CA60 /* Pods_Weather.framework in Frameworks */,
				540C15787E5506B182DAC13E /* Pods_Weather.framework in Frameworks */,
			);
			runOnlyForDeploymentPostprocessing = 0;
		};
/* End PBXFrameworksBuildPhase section */

/* Begin PBXGroup section */
		1EFF9DF91F41D78900F2DBE5 = {
			isa = PBXGroup;
			children = (
				1EFF9E041F41D78900F2DBE5 /* Weather */,
				1EFF9E031F41D78900F2DBE5 /* Products */,
				FEDE889ABE19D98D008FD0A8 /* Pods */,
				57405B075671D55FFFFADE4F /* Frameworks */,
			);
			sourceTree = "<group>";
		};
		1EFF9E031F41D78900F2DBE5 /* Products */ = {
			isa = PBXGroup;
			children = (
				1EFF9E021F41D78900F2DBE5 /* Weather.app */,
			);
			name = Products;
			sourceTree = "<group>";
		};
		1EFF9E041F41D78900F2DBE5 /* Weather */ = {
			isa = PBXGroup;
			children = (
				1E39B38B1F4C81B600CFC5C8 /* Env.swift */,
				1E39B38C1F4C81B600CFC5C8 /* ExamplesDefaults.swift */,
				1EFF9E051F41D78900F2DBE5 /* AppDelegate.swift */,
				1EFF9E071F41D78900F2DBE5 /* FirstViewController.swift */,
				1EFF9E0B1F41D78900F2DBE5 /* Main.storyboard */,
				1E5260DC1F4336340089F4ED /* WeatherIcon.xcassets */,
				1EFF9E0E1F41D78900F2DBE5 /* Assets.xcassets */,
				1EFF9E101F41D78900F2DBE5 /* Info.plist */,
				1E53300B1F4484D3005AAE1F /* ChartsViewController.swift */,
				1EFF9E091F41D78900F2DBE5 /* ForecastViewController.swift */,
				1EEC20151F48A36F006D98A0 /* MyWeatherManager.swift */,
				1EFF9E321F41E2D200F2DBE5 /* CurrentWeatherViewController.swift */,
				1EEC20191F494984006D98A0 /* MyLocationManager.swift */,
				1EEC20171F48A3D3006D98A0 /* MyHttpManager.swift */,
			);
			path = Weather;
			sourceTree = "<group>";
		};
		57405B075671D55FFFFADE4F /* Frameworks */ = {
			isa = PBXGroup;
			children = (
				1E965C371F46FCA40078CED1 /* CoreLocation.framework */,
				4622D094FECC000BF3B362DC /* Pods_Weather.framework */,
				CF4E6F360D0E536F7A759648 /* Pods_WeatherTests.framework */,
				FCCCA206601EE94DCD2CE92E /* Pods_WeatherUITests.framework */,
				907AD98560EFC7A0DEE654F1 /* Pods_Weather.framework */,
			);
			name = Frameworks;
			sourceTree = "<group>";
		};
		FEDE889ABE19D98D008FD0A8 /* Pods */ = {
			isa = PBXGroup;
			children = (
				4F39BD06530D5DCF5A0B27EE /* Pods-Weather.debug.xcconfig */,
				4ED68301CBD48B9EFE967ED0 /* Pods-Weather.release.xcconfig */,
				7CE31EED59242064D0F7D834 /* Pods-WeatherTests.debug.xcconfig */,
				F80F99863D9E48928F15E6D9 /* Pods-WeatherTests.release.xcconfig */,
				3DC9F27F954980EDEB64D74E /* Pods-WeatherUITests.debug.xcconfig */,
				5A0B950C3ECD2C08C85ABC10 /* Pods-WeatherUITests.release.xcconfig */,
				81D5DF7C562EB096057179AE /* Pods-Weather.debug.xcconfig */,
				FA868DB666C3C0F3FDACA289 /* Pods-Weather.release.xcconfig */,
			);
			name = Pods;
			sourceTree = "<group>";
		};
/* End PBXGroup section */

/* Begin PBXNativeTarget section */
		1EFF9E011F41D78900F2DBE5 /* Weather */ = {
			isa = PBXNativeTarget;
			buildConfigurationList = 1EFF9E291F41D78900F2DBE5 /* Build configuration list for PBXNativeTarget "Weather" */;
			buildPhases = (
				3392FE69DE7AE8AD9144EBC7 /* [CP] Check Pods Manifest.lock */,
				1EFF9DFE1F41D78900F2DBE5 /* Sources */,
				1EFF9DFF1F41D78900F2DBE5 /* Frameworks */,
				1EFF9E001F41D78900F2DBE5 /* Resources */,
				A2B140F1A287B7E148BF42E9 /* [CP] Embed Pods Frameworks */,
				24FDFEBEF1C19B8D9D4D128E /* [CP] Copy Pods Resources */,
			);
			buildRules = (
			);
			dependencies = (
			);
			name = Weather;
			productName = Weather;
			productReference = 1EFF9E021F41D78900F2DBE5 /* Weather.app */;
			productType = "com.apple.product-type.application";
		};
/* End PBXNativeTarget section */

/* Begin PBXProject section */
		1EFF9DFA1F41D78900F2DBE5 /* Project object */ = {
			isa = PBXProject;
			attributes = {
				LastSwiftUpdateCheck = 0900;
				LastUpgradeCheck = 0900;
				ORGANIZATIONNAME = tongjiappleclub;
				TargetAttributes = {
					1EFF9E011F41D78900F2DBE5 = {
						CreatedOnToolsVersion = 9.0;
					};
				};
			};
			buildConfigurationList = 1EFF9DFD1F41D78900F2DBE5 /* Build configuration list for PBXProject "Weather" */;
			compatibilityVersion = "Xcode 8.0";
			developmentRegion = en;
			hasScannedForEncodings = 0;
			knownRegions = (
				en,
				Base,
			);
			mainGroup = 1EFF9DF91F41D78900F2DBE5;
			productRefGroup = 1EFF9E031F41D78900F2DBE5 /* Products */;
			projectDirPath = "";
			projectRoot = "";
			targets = (
				1EFF9E011F41D78900F2DBE5 /* Weather */,
			);
		};
/* End PBXProject section */

/* Begin PBXResourcesBuildPhase section */
		1EFF9E001F41D78900F2DBE5 /* Resources */ = {
			isa = PBXResourcesBuildPhase;
			buildActionMask = 2147483647;
			files = (
				1E5260DD1F4336340089F4ED /* WeatherIcon.xcassets in Resources */,
				1EFF9E0F1F41D78900F2DBE5 /* Assets.xcassets in Resources */,
				1EFF9E0D1F41D78900F2DBE5 /* Main.storyboard in Resources */,
			);
			runOnlyForDeploymentPostprocessing = 0;
		};
/* End PBXResourcesBuildPhase section */

/* Begin PBXShellScriptBuildPhase section */
		24FDFEBEF1C19B8D9D4D128E /* [CP] Copy Pods Resources */ = {
			isa = PBXShellScriptBuildPhase;
			buildActionMask = 2147483647;
			files = (
			);
			inputPaths = (
			);
			name = "[CP] Copy Pods Resources";
			outputPaths = (
			);
			runOnlyForDeploymentPostprocessing = 0;
			shellPath = /bin/sh;
			shellScript = "\"${SRCROOT}/Pods/Target Support Files/Pods-Weather/Pods-Weather-resources.sh\"\n";
			showEnvVarsInLog = 0;
		};
		3392FE69DE7AE8AD9144EBC7 /* [CP] Check Pods Manifest.lock */ = {
			isa = PBXShellScriptBuildPhase;
			buildActionMask = 2147483647;
			files = (
			);
			inputPaths = (
				"${PODS_PODFILE_DIR_PATH}/Podfile.lock",
				"${PODS_ROOT}/Manifest.lock",
			);
			name = "[CP] Check Pods Manifest.lock";
			outputPaths = (
				"$(DERIVED_FILE_DIR)/Pods-Weather-checkManifestLockResult.txt",
			);
			runOnlyForDeploymentPostprocessing = 0;
			shellPath = /bin/sh;
			shellScript = "diff \"${PODS_ROOT}/../Podfile.lock\" \"${PODS_ROOT}/Manifest.lock\" > /dev/null\nif [ $? != 0 ] ; then\n    # print error to STDERR\n    echo \"error: The sandbox is not in sync with the Podfile.lock. Run 'pod install' or update your CocoaPods installation.\" >&2\n    exit 1\nfi\n";
			showEnvVarsInLog = 0;
		};
		A2B140F1A287B7E148BF42E9 /* [CP] Embed Pods Frameworks */ = {
			isa = PBXShellScriptBuildPhase;
			buildActionMask = 2147483647;
			files = (
			);
			inputPaths = (
				"${SRCROOT}/Pods/Target Support Files/Pods-Weather/Pods-Weather-frameworks.sh",
				"${BUILT_PRODUCTS_DIR}/SwiftCharts/SwiftCharts.framework",
			);
			name = "[CP] Embed Pods Frameworks";
			outputPaths = (
				"${TARGET_BUILD_DIR}/${FRAMEWORKS_FOLDER_PATH}/SwiftCharts.framework",
			);
			runOnlyForDeploymentPostprocessing = 0;
			shellPath = /bin/sh;
			shellScript = "\"${SRCROOT}/Pods/Target Support Files/Pods-Weather/Pods-Weather-frameworks.sh\"\n";
			showEnvVarsInLog = 0;
		};
/* End PBXShellScriptBuildPhase section */

/* Begin PBXSourcesBuildPhase section */
		1EFF9DFE1F41D78900F2DBE5 /* Sources */ = {
			isa = PBXSourcesBuildPhase;
			buildActionMask = 2147483647;
			files = (
				1E6364BA1F49E43200E087E7 /* ChartsViewController.swift in Sources */,
				1EFF9E0A1F41D78900F2DBE5 /* ForecastViewController.swift in Sources */,
				1E39B38E1F4C81B600CFC5C8 /* ExamplesDefaults.swift in Sources */,
				1EFF9E061F41D78900F2DBE5 /* AppDelegate.swift in Sources */,
				1E39B38D1F4C81B600CFC5C8 /* Env.swift in Sources */,
				1EFF9E081F41D78900F2DBE5 /* FirstViewController.swift in Sources */,
				1EEC20161F48A36F006D98A0 /* MyWeatherManager.swift in Sources */,
				1EEC201A1F494984006D98A0 /* MyLocationManager.swift in Sources */,
				1EFF9E331F41E2D200F2DBE5 /* CurrentWeatherViewController.swift in Sources */,
				1EEC20181F48A3D3006D98A0 /* MyHttpManager.swift in Sources */,
			);
			runOnlyForDeploymentPostprocessing = 0;
		};
/* End PBXSourcesBuildPhase section */

/* Begin PBXVariantGroup section */
		1EFF9E0B1F41D78900F2DBE5 /* Main.storyboard */ = {
			isa = PBXVariantGroup;
			children = (
				1EFF9E0C1F41D78900F2DBE5 /* Base */,
			);
			name = Main.storyboard;
			sourceTree = "<group>";
		};
/* End PBXVariantGroup section */

/* Begin XCBuildConfiguration section */
		1EFF9E271F41D78900F2DBE5 /* Debug */ = {
			isa = XCBuildConfiguration;
			buildSettings = {
				ALWAYS_SEARCH_USER_PATHS = NO;
				CLANG_ANALYZER_NONNULL = YES;
				CLANG_ANALYZER_NUMBER_OBJECT_CONVERSION = YES_AGGRESSIVE;
				CLANG_CXX_LANGUAGE_STANDARD = "gnu++14";
				CLANG_CXX_LIBRARY = "libc++";
				CLANG_ENABLE_MODULES = YES;
				CLANG_ENABLE_OBJC_ARC = YES;
				CLANG_WARN_BLOCK_CAPTURE_AUTORELEASING = YES;
				CLANG_WARN_BOOL_CONVERSION = YES;
				CLANG_WARN_COMMA = YES;
				CLANG_WARN_CONSTANT_CONVERSION = YES;
				CLANG_WARN_DIRECT_OBJC_ISA_USAGE = YES_ERROR;
				CLANG_WARN_DOCUMENTATION_COMMENTS = YES;
				CLANG_WARN_EMPTY_BODY = YES;
				CLANG_WARN_ENUM_CONVERSION = YES;
				CLANG_WARN_INFINITE_RECURSION = YES;
				CLANG_WARN_INT_CONVERSION = YES;
				CLANG_WARN_NON_LITERAL_NULL_CONVERSION = YES;
				CLANG_WARN_OBJC_LITERAL_CONVERSION = YES;
				CLANG_WARN_OBJC_ROOT_CLASS = YES_ERROR;
				CLANG_WARN_RANGE_LOOP_ANALYSIS = YES;
				CLANG_WARN_STRICT_PROTOTYPES = YES;
				CLANG_WARN_SUSPICIOUS_MOVE = YES;
				CLANG_WARN_UNGUARDED_AVAILABILITY = YES_AGGRESSIVE;
				CLANG_WARN_UNREACHABLE_CODE = YES;
				CLANG_WARN__DUPLICATE_METHOD_MATCH = YES;
				COPY_PHASE_STRIP = NO;
				DEBUG_INFORMATION_FORMAT = dwarf;
				ENABLE_STRICT_OBJC_MSGSEND = YES;
				ENABLE_TESTABILITY = YES;
				GCC_C_LANGUAGE_STANDARD = gnu11;
				GCC_DYNAMIC_NO_PIC = NO;
				GCC_NO_COMMON_BLOCKS = YES;
				GCC_OPTIMIZATION_LEVEL = 0;
				GCC_PREPROCESSOR_DEFINITIONS = (
					"DEBUG=1",
					"$(inherited)",
				);
				GCC_WARN_64_TO_32_BIT_CONVERSION = YES;
				GCC_WARN_ABOUT_RETURN_TYPE = YES_ERROR;
				GCC_WARN_UNDECLARED_SELECTOR = YES;
				GCC_WARN_UNINITIALIZED_AUTOS = YES_AGGRESSIVE;
				GCC_WARN_UNUSED_FUNCTION = YES;
				GCC_WARN_UNUSED_VARIABLE = YES;
				MTL_ENABLE_DEBUG_INFO = YES;
				ONLY_ACTIVE_ARCH = YES;
				SDKROOT = appletvos;
				SWIFT_ACTIVE_COMPILATION_CONDITIONS = DEBUG;
				SWIFT_OPTIMIZATION_LEVEL = "-Onone";
				TVOS_DEPLOYMENT_TARGET = 11.0;
			};
			name = Debug;
		};
		1EFF9E281F41D78900F2DBE5 /* Release */ = {
			isa = XCBuildConfiguration;
			buildSettings = {
				ALWAYS_SEARCH_USER_PATHS = NO;
				CLANG_ANALYZER_NONNULL = YES;
				CLANG_ANALYZER_NUMBER_OBJECT_CONVERSION = YES_AGGRESSIVE;
				CLANG_CXX_LANGUAGE_STANDARD = "gnu++14";
				CLANG_CXX_LIBRARY = "libc++";
				CLANG_ENABLE_MODULES = YES;
				CLANG_ENABLE_OBJC_ARC = YES;
				CLANG_WARN_BLOCK_CAPTURE_AUTORELEASING = YES;
				CLANG_WARN_BOOL_CONVERSION = YES;
				CLANG_WARN_COMMA = YES;
				CLANG_WARN_CONSTANT_CONVERSION = YES;
				CLANG_WARN_DIRECT_OBJC_ISA_USAGE = YES_ERROR;
				CLANG_WARN_DOCUMENTATION_COMMENTS = YES;
				CLANG_WARN_EMPTY_BODY = YES;
				CLANG_WARN_ENUM_CONVERSION = YES;
				CLANG_WARN_INFINITE_RECURSION = YES;
				CLANG_WARN_INT_CONVERSION = YES;
				CLANG_WARN_NON_LITERAL_NULL_CONVERSION = YES;
				CLANG_WARN_OBJC_LITERAL_CONVERSION = YES;
				CLANG_WARN_OBJC_ROOT_CLASS = YES_ERROR;
				CLANG_WARN_RANGE_LOOP_ANALYSIS = YES;
				CLANG_WARN_STRICT_PROTOTYPES = YES;
				CLANG_WARN_SUSPICIOUS_MOVE = YES;
				CLANG_WARN_UNGUARDED_AVAILABILITY = YES_AGGRESSIVE;
				CLANG_WARN_UNREACHABLE_CODE = YES;
				CLANG_WARN__DUPLICATE_METHOD_MATCH = YES;
				COPY_PHASE_STRIP = NO;
				DEBUG_INFORMATION_FORMAT = "dwarf-with-dsym";
				ENABLE_NS_ASSERTIONS = NO;
				ENABLE_STRICT_OBJC_MSGSEND = YES;
				GCC_C_LANGUAGE_STANDARD = gnu11;
				GCC_NO_COMMON_BLOCKS = YES;
				GCC_WARN_64_TO_32_BIT_CONVERSION = YES;
				GCC_WARN_ABOUT_RETURN_TYPE = YES_ERROR;
				GCC_WARN_UNDECLARED_SELECTOR = YES;
				GCC_WARN_UNINITIALIZED_AUTOS = YES_AGGRESSIVE;
				GCC_WARN_UNUSED_FUNCTION = YES;
				GCC_WARN_UNUSED_VARIABLE = YES;
				MTL_ENABLE_DEBUG_INFO = NO;
				SDKROOT = appletvos;
				SWIFT_OPTIMIZATION_LEVEL = "-Owholemodule";
				TVOS_DEPLOYMENT_TARGET = 11.0;
				VALIDATE_PRODUCT = YES;
			};
			name = Release;
		};
		1EFF9E2A1F41D78900F2DBE5 /* Debug */ = {
			isa = XCBuildConfiguration;
			baseConfigurationReference = 81D5DF7C562EB096057179AE /* Pods-Weather.debug.xcconfig */;
			buildSettings = {
				ALWAYS_EMBED_SWIFT_STANDARD_LIBRARIES = YES;
				ASSETCATALOG_COMPILER_APPICON_NAME = "App Icon & Top Shelf Image";
				ASSETCATALOG_COMPILER_LAUNCHIMAGE_NAME = LaunchImage;
				DEVELOPMENT_TEAM = G4WT85FFHH;
				INFOPLIST_FILE = Weather/Info.plist;
				LD_RUNPATH_SEARCH_PATHS = "$(inherited) @executable_path/Frameworks";
				PRODUCT_BUNDLE_IDENTIFIER = cn.edu.tongji.Weather;
				PRODUCT_NAME = "$(TARGET_NAME)";
				SWIFT_VERSION = 4.0;
				TARGETED_DEVICE_FAMILY = 3;
			};
			name = Debug;
		};
		1EFF9E2B1F41D78900F2DBE5 /* Release */ = {
			isa = XCBuildConfiguration;
			baseConfigurationReference = FA868DB666C3C0F3FDACA289 /* Pods-Weather.release.xcconfig */;
			buildSettings = {
				ALWAYS_EMBED_SWIFT_STANDARD_LIBRARIES = YES;
				ASSETCATALOG_COMPILER_APPICON_NAME = "App Icon & Top Shelf Image";
				ASSETCATALOG_COMPILER_LAUNCHIMAGE_NAME = LaunchImage;
				DEVELOPMENT_TEAM = G4WT85FFHH;
				INFOPLIST_FILE = Weather/Info.plist;
				LD_RUNPATH_SEARCH_PATHS = "$(inherited) @executable_path/Frameworks";
				PRODUCT_BUNDLE_IDENTIFIER = cn.edu.tongji.Weather;
				PRODUCT_NAME = "$(TARGET_NAME)";
				SWIFT_VERSION = 4.0;
				TARGETED_DEVICE_FAMILY = 3;
			};
			name = Release;
		};
/* End XCBuildConfiguration section */

/* Begin XCConfigurationList section */
		1EFF9DFD1F41D78900F2DBE5 /* Build configuration list for PBXProject "Weather" */ = {
			isa = XCConfigurationList;
			buildConfigurations = (
				1EFF9E271F41D78900F2DBE5 /* Debug */,
				1EFF9E281F41D78900F2DBE5 /* Release */,
			);
			defaultConfigurationIsVisible = 0;
			defaultConfigurationName = Release;
		};
		1EFF9E291F41D78900F2DBE5 /* Build configuration list for PBXNativeTarget "Weather" */ = {
			isa = XCConfigurationList;
			buildConfigurations = (
				1EFF9E2A1F41D78900F2DBE5 /* Debug */,
				1EFF9E2B1F41D78900F2DBE5 /* Release */,
			);
			defaultConfigurationIsVisible = 0;
			defaultConfigurationName = Release;
		};
/* End XCConfigurationList section */
	};
	rootObject = 1EFF9DFA1F41D78900F2DBE5 /* Project object */;
}
